
Microsoft Visual Studio Solution File, Format Version 12.00
# Visual Studio Version 17
VisualStudioVersion = 17.14.36109.1 d17.14
MinimumVisualStudioVersion = 10.0.40219.1
Project("{FAE04EC0-301F-11D3-BF4B-00C04F79EFBC}") = "cp2 Eercicio 5", "cp2 Eercicio 5\cp2 Eercicio 5.csproj", "{77C6C062-8295-4F3C-99EE-1221DE3BBBF9}"
EndProject
Global
	GlobalSection(SolutionConfigurationPlatforms) = preSolution
		Debug|Any CPU = Debug|Any CPU
		Release|Any CPU = Release|Any CPU
	EndGlobalSection
	GlobalSection(ProjectConfigurationPlatforms) = postSolution
		{77C6C062-8295-4F3C-99EE-1221DE3BBBF9}.Debug|Any CPU.ActiveCfg = Debug|Any CPU
		{77C6C062-8295-4F3C-99EE-1221DE3BBBF9}.Debug|Any CPU.Build.0 = Debug|Any CPU
		{77C6C062-8295-4F3C-99EE-1221DE3BBBF9}.Release|Any CPU.ActiveCfg = Release|Any CPU
		{77C6C062-8295-4F3C-99EE-1221DE3BBBF9}.Release|Any CPU.Build.0 = Release|Any CPU
	EndGlobalSection
	GlobalSection(SolutionProperties) = preSolution
		HideSolutionNode = FALSE
	EndGlobalSection
	GlobalSection(ExtensibilityGlobals) = postSolution
		SolutionGuid = {CD114964-66C6-48F4-84DD-ADC53693CAE6}
	EndGlobalSection
EndGlobal
